
Microsoft Visual Studio Solution File, Format Version 12.00
# Visual Studio Version 17
VisualStudioVersion = 17.11.35219.272
MinimumVisualStudioVersion = 10.0.40219.1
Project("{FAE04EC0-301F-11D3-BF4B-00C04F79EFBC}") = "FitTrack", "FitTrack\FitTrack.csproj", "{2545F929-1C73-446D-9181-81D7D5F77393}"
EndProject
Global
	GlobalSection(SolutionConfigurationPlatforms) = preSolution
		Debug|Any CPU = Debug|Any CPU
		Release|Any CPU = Release|Any CPU
	EndGlobalSection
	GlobalSection(ProjectConfigurationPlatforms) = postSolution
		{2545F929-1C73-446D-9181-81D7D5F77393}.Debug|Any CPU.ActiveCfg = Debug|Any CPU
		{2545F929-1C73-446D-9181-81D7D5F77393}.Debug|Any CPU.Build.0 = Debug|Any CPU
		{2545F929-1C73-446D-9181-81D7D5F77393}.Release|Any CPU.ActiveCfg = Release|Any CPU
		{2545F929-1C73-446D-9181-81D7D5F77393}.Release|Any CPU.Build.0 = Release|Any CPU
	EndGlobalSection
	GlobalSection(SolutionProperties) = preSolution
		HideSolutionNode = FALSE
	EndGlobalSection
	GlobalSection(ExtensibilityGlobals) = postSolution
		SolutionGuid = {EEA2E165-0777-4F41-91FB-D91B9A93C193}
	EndGlobalSection
EndGlobal
